// !$*UTF8*$!
{
	archiveVersion = 1;
	classes = {
	};
	objectVersion = 50;
	objects = {

/* Begin PBXBuildFile section */
		0B438E12219FB9C400F47890 /* BackgroundNetworkManager.swift in Sources */ = {isa = PBXBuildFile; fileRef = 0B438E11219FB9C400F47890 /* BackgroundNetworkManager.swift */; };
		0B438E14219FBC1700F47890 /* Result.swift in Sources */ = {isa = PBXBuildFile; fileRef = 0B438E13219FBC1700F47890 /* Result.swift */; };
		0B438E16219FC49000F47890 /* Sample.swift in Sources */ = {isa = PBXBuildFile; fileRef = 0B438E15219FC49000F47890 /* Sample.swift */; };
		0B438E18219FC50200F47890 /* sample01.json in Resources */ = {isa = PBXBuildFile; fileRef = 0B438E17219FC50200F47890 /* sample01.json */; };
		0B438E1A219FC9EE00F47890 /* FetchData.swift in Sources */ = {isa = PBXBuildFile; fileRef = 0B438E19219FC9EE00F47890 /* FetchData.swift */; };
		0B4FC1F1219FAC0700B90D3C /* AppDelegate.swift in Sources */ = {isa = PBXBuildFile; fileRef = 0B4FC1F0219FAC0700B90D3C /* AppDelegate.swift */; };
		0B4FC1F3219FAC0700B90D3C /* ViewController.swift in Sources */ = {isa = PBXBuildFile; fileRef = 0B4FC1F2219FAC0700B90D3C /* ViewController.swift */; };
		0B4FC1F6219FAC0700B90D3C /* Main.storyboard in Resources */ = {isa = PBXBuildFile; fileRef = 0B4FC1F4219FAC0700B90D3C /* Main.storyboard */; };
		0B4FC1F8219FAC0800B90D3C /* Assets.xcassets in Resources */ = {isa = PBXBuildFile; fileRef = 0B4FC1F7219FAC0800B90D3C /* Assets.xcassets */; };
		0B4FC1FB219FAC0800B90D3C /* LaunchScreen.storyboard in Resources */ = {isa = PBXBuildFile; fileRef = 0B4FC1F9219FAC0800B90D3C /* LaunchScreen.storyboard */; };
		0B4FC206219FAC0800B90D3C /* BackgroundFetchDemoTests.swift in Sources */ = {isa = PBXBuildFile; fileRef = 0B4FC205219FAC0800B90D3C /* BackgroundFetchDemoTests.swift */; };
		0B4FC211219FAC0800B90D3C /* BackgroundFetchDemoUITests.swift in Sources */ = {isa = PBXBuildFile; fileRef = 0B4FC210219FAC0800B90D3C /* BackgroundFetchDemoUITests.swift */; };
/* End PBXBuildFile section */

/* Begin PBXContainerItemProxy section */
		0B4FC202219FAC0800B90D3C /* PBXContainerItemProxy */ = {
			isa = PBXContainerItemProxy;
			containerPortal = 0B4FC1E5219FAC0700B90D3C /* Project object */;
			proxyType = 1;
			remoteGlobalIDString = 0B4FC1EC219FAC0700B90D3C;
			remoteInfo = BackgroundFetchDemo;
		};
		0B4FC20D219FAC0800B90D3C /* PBXContainerItemProxy */ = {
			isa = PBXContainerItemProxy;
			containerPortal = 0B4FC1E5219FAC0700B90D3C /* Project object */;
			proxyType = 1;
			remoteGlobalIDString = 0B4FC1EC219FAC0700B90D3C;
			remoteInfo = BackgroundFetchDemo;
		};
/* End PBXContainerItemProxy section */

/* Begin PBXFileReference section */
		0B438E11219FB9C400F47890 /* BackgroundNetworkManager.swift */ = {isa = PBXFileReference; lastKnownFileType = sourcecode.swift; path = BackgroundNetworkManager.swift; sourceTree = "<group>"; };
		0B438E13219FBC1700F47890 /* Result.swift */ = {isa = PBXFileReference; lastKnownFileType = sourcecode.swift; path = Result.swift; sourceTree = "<group>"; };
		0B438E15219FC49000F47890 /* Sample.swift */ = {isa = PBXFileReference; lastKnownFileType = sourcecode.swift; path = Sample.swift; sourceTree = "<group>"; };
		0B438E17219FC50200F47890 /* sample01.json */ = {isa = PBXFileReference; fileEncoding = 4; lastKnownFileType = text.json; path = sample01.json; sourceTree = "<group>"; };
		0B438E19219FC9EE00F47890 /* FetchData.swift */ = {isa = PBXFileReference; lastKnownFileType = sourcecode.swift; path = FetchData.swift; sourceTree = "<group>"; };
		0B4FC1ED219FAC0700B90D3C /* BackgroundFetchDemo.app */ = {isa = PBXFileReference; explicitFileType = wrapper.application; includeInIndex = 0; path = BackgroundFetchDemo.app; sourceTree = BUILT_PRODUCTS_DIR; };
		0B4FC1F0219FAC0700B90D3C /* AppDelegate.swift */ = {isa = PBXFileReference; lastKnownFileType = sourcecode.swift; path = AppDelegate.swift; sourceTree = "<group>"; };
		0B4FC1F2219FAC0700B90D3C /* ViewController.swift */ = {isa = PBXFileReference; lastKnownFileType = sourcecode.swift; path = ViewController.swift; sourceTree = "<group>"; };
		0B4FC1F5219FAC0700B90D3C /* Base */ = {isa = PBXFileReference; lastKnownFileType = file.storyboard; name = Base; path = Base.lproj/Main.storyboard; sourceTree = "<group>"; };
		0B4FC1F7219FAC0800B90D3C /* Assets.xcassets */ = {isa = PBXFileReference; lastKnownFileType = folder.assetcatalog; path = Assets.xcassets; sourceTree = "<group>"; };
		0B4FC1FA219FAC0800B90D3C /* Base */ = {isa = PBXFileReference; lastKnownFileType = file.storyboard; name = Base; path = Base.lproj/LaunchScreen.storyboard; sourceTree = "<group>"; };
		0B4FC1FC219FAC0800B90D3C /* Info.plist */ = {isa = PBXFileReference; lastKnownFileType = text.plist.xml; path = Info.plist; sourceTree = "<group>"; };
		0B4FC201219FAC0800B90D3C /* BackgroundFetchDemoTests.xctest */ = {isa = PBXFileReference; explicitFileType = wrapper.cfbundle; includeInIndex = 0; path = BackgroundFetchDemoTests.xctest; sourceTree = BUILT_PRODUCTS_DIR; };
		0B4FC205219FAC0800B90D3C /* BackgroundFetchDemoTests.swift */ = {isa = PBXFileReference; lastKnownFileType = sourcecode.swift; path = BackgroundFetchDemoTests.swift; sourceTree = "<group>"; };
		0B4FC207219FAC0800B90D3C /* Info.plist */ = {isa = PBXFileReference; lastKnownFileType = text.plist.xml; path = Info.plist; sourceTree = "<group>"; };
		0B4FC20C219FAC0800B90D3C /* BackgroundFetchDemoUITests.xctest */ = {isa = PBXFileReference; explicitFileType = wrapper.cfbundle; includeInIndex = 0; path = BackgroundFetchDemoUITests.xctest; sourceTree = BUILT_PRODUCTS_DIR; };
		0B4FC210219FAC0800B90D3C /* BackgroundFetchDemoUITests.swift */ = {isa = PBXFileReference; lastKnownFileType = sourcecode.swift; path = BackgroundFetchDemoUITests.swift; sourceTree = "<group>"; };
		0B4FC212219FAC0800B90D3C /* Info.plist */ = {isa = PBXFileReference; lastKnownFileType = text.plist.xml; path = Info.plist; sourceTree = "<group>"; };
/* End PBXFileReference section */

/* Begin PBXFrameworksBuildPhase section */
		0B4FC1EA219FAC0700B90D3C /* Frameworks */ = {
			isa = PBXFrameworksBuildPhase;
			buildActionMask = 2147483647;
			files = (
			);
			runOnlyForDeploymentPostprocessing = 0;
		};
		0B4FC1FE219FAC0800B90D3C /* Frameworks */ = {
			isa = PBXFrameworksBuildPhase;
			buildActionMask = 2147483647;
			files = (
			);
			runOnlyForDeploymentPostprocessing = 0;
		};
		0B4FC209219FAC0800B90D3C /* Frameworks */ = {
			isa = PBXFrameworksBuildPhase;
			buildActionMask = 2147483647;
			files = (
			);
			runOnlyForDeploymentPostprocessing = 0;
		};
/* End PBXFrameworksBuildPhase section */

/* Begin PBXGroup section */
		0B4FC1E4219FAC0700B90D3C = {
			isa = PBXGroup;
			children = (
				0B4FC1EF219FAC0700B90D3C /* BackgroundFetchDemo */,
				0B4FC204219FAC0800B90D3C /* BackgroundFetchDemoTests */,
				0B4FC20F219FAC0800B90D3C /* BackgroundFetchDemoUITests */,
				0B4FC1EE219FAC0700B90D3C /* Products */,
			);
			sourceTree = "<group>";
		};
		0B4FC1EE219FAC0700B90D3C /* Products */ = {
			isa = PBXGroup;
			children = (
				0B4FC1ED219FAC0700B90D3C /* BackgroundFetchDemo.app */,
				0B4FC201219FAC0800B90D3C /* BackgroundFetchDemoTests.xctest */,
				0B4FC20C219FAC0800B90D3C /* BackgroundFetchDemoUITests.xctest */,
			);
			name = Products;
			sourceTree = "<group>";
		};
		0B4FC1EF219FAC0700B90D3C /* BackgroundFetchDemo */ = {
			isa = PBXGroup;
			children = (
				0B4FC1F0219FAC0700B90D3C /* AppDelegate.swift */,
				0B4FC1F2219FAC0700B90D3C /* ViewController.swift */,
				0B4FC1F4219FAC0700B90D3C /* Main.storyboard */,
				0B4FC1F7219FAC0800B90D3C /* Assets.xcassets */,
				0B4FC1F9219FAC0800B90D3C /* LaunchScreen.storyboard */,
				0B4FC1FC219FAC0800B90D3C /* Info.plist */,
				0B438E11219FB9C400F47890 /* BackgroundNetworkManager.swift */,
				0B438E13219FBC1700F47890 /* Result.swift */,
				0B438E15219FC49000F47890 /* Sample.swift */,
				0B438E19219FC9EE00F47890 /* FetchData.swift */,
			);
			path = BackgroundFetchDemo;
			sourceTree = "<group>";
		};
		0B4FC204219FAC0800B90D3C /* BackgroundFetchDemoTests */ = {
			isa = PBXGroup;
			children = (
				0B438E17219FC50200F47890 /* sample01.json */,
				0B4FC205219FAC0800B90D3C /* BackgroundFetchDemoTests.swift */,
				0B4FC207219FAC0800B90D3C /* Info.plist */,
			);
			path = BackgroundFetchDemoTests;
			sourceTree = "<group>";
		};
		0B4FC20F219FAC0800B90D3C /* BackgroundFetchDemoUITests */ = {
			isa = PBXGroup;
			children = (
				0B4FC210219FAC0800B90D3C /* BackgroundFetchDemoUITests.swift */,
				0B4FC212219FAC0800B90D3C /* Info.plist */,
			);
			path = BackgroundFetchDemoUITests;
			sourceTree = "<group>";
		};
/* End PBXGroup section */

/* Begin PBXNativeTarget section */
		0B4FC1EC219FAC0700B90D3C /* BackgroundFetchDemo */ = {
			isa = PBXNativeTarget;
			buildConfigurationList = 0B4FC215219FAC0800B90D3C /* Build configuration list for PBXNativeTarget "BackgroundFetchDemo" */;
			buildPhases = (
				0B4FC1E9219FAC0700B90D3C /* Sources */,
				0B4FC1EA219FAC0700B90D3C /* Frameworks */,
				0B4FC1EB219FAC0700B90D3C /* Resources */,
			);
			buildRules = (
			);
			dependencies = (
			);
			name = BackgroundFetchDemo;
			productName = BackgroundFetchDemo;
			productReference = 0B4FC1ED219FAC0700B90D3C /* BackgroundFetchDemo.app */;
			productType = "com.apple.product-type.application";
		};
		0B4FC200219FAC0800B90D3C /* BackgroundFetchDemoTests */ = {
			isa = PBXNativeTarget;
			buildConfigurationList = 0B4FC218219FAC0800B90D3C /* Build configuration list for PBXNativeTarget "BackgroundFetchDemoTests" */;
			buildPhases = (
				0B4FC1FD219FAC0800B90D3C /* Sources */,
				0B4FC1FE219FAC0800B90D3C /* Frameworks */,
				0B4FC1FF219FAC0800B90D3C /* Resources */,
			);
			buildRules = (
			);
			dependencies = (
				0B4FC203219FAC0800B90D3C /* PBXTargetDependency */,
			);
			name = BackgroundFetchDemoTests;
			productName = BackgroundFetchDemoTests;
			productReference = 0B4FC201219FAC0800B90D3C /* BackgroundFetchDemoTests.xctest */;
			productType = "com.apple.product-type.bundle.unit-test";
		};
		0B4FC20B219FAC0800B90D3C /* BackgroundFetchDemoUITests */ = {
			isa = PBXNativeTarget;
			buildConfigurationList = 0B4FC21B219FAC0800B90D3C /* Build configuration list for PBXNativeTarget "BackgroundFetchDemoUITests" */;
			buildPhases = (
				0B4FC208219FAC0800B90D3C /* Sources */,
				0B4FC209219FAC0800B90D3C /* Frameworks */,
				0B4FC20A219FAC0800B90D3C /* Resources */,
			);
			buildRules = (
			);
			dependencies = (
				0B4FC20E219FAC0800B90D3C /* PBXTargetDependency */,
			);
			name = BackgroundFetchDemoUITests;
			productName = BackgroundFetchDemoUITests;
			productReference = 0B4FC20C219FAC0800B90D3C /* BackgroundFetchDemoUITests.xctest */;
			productType = "com.apple.product-type.bundle.ui-testing";
		};
/* End PBXNativeTarget section */

/* Begin PBXProject section */
		0B4FC1E5219FAC0700B90D3C /* Project object */ = {
			isa = PBXProject;
			attributes = {
				LastSwiftUpdateCheck = 1010;
				LastUpgradeCheck = 1010;
				ORGANIZATIONNAME = "Yusaku Ueda";
				TargetAttributes = {
					0B4FC1EC219FAC0700B90D3C = {
						CreatedOnToolsVersion = 10.1;
						SystemCapabilities = {
							com.apple.BackgroundModes = {
								enabled = 1;
							};
						};
					};
					0B4FC200219FAC0800B90D3C = {
						CreatedOnToolsVersion = 10.1;
						TestTargetID = 0B4FC1EC219FAC0700B90D3C;
					};
					0B4FC20B219FAC0800B90D3C = {
						CreatedOnToolsVersion = 10.1;
						TestTargetID = 0B4FC1EC219FAC0700B90D3C;
					};
				};
			};
			buildConfigurationList = 0B4FC1E8219FAC0700B90D3C /* Build configuration list for PBXProject "BackgroundFetchDemo" */;
			compatibilityVersion = "Xcode 9.3";
			developmentRegion = en;
			hasScannedForEncodings = 0;
			knownRegions = (
				en,
				Base,
			);
			mainGroup = 0B4FC1E4219FAC0700B90D3C;
			productRefGroup = 0B4FC1EE219FAC0700B90D3C /* Products */;
			projectDirPath = "";
			projectRoot = "";
			targets = (
				0B4FC1EC219FAC0700B90D3C /* BackgroundFetchDemo */,
				0B4FC200219FAC0800B90D3C /* BackgroundFetchDemoTests */,
				0B4FC20B219FAC0800B90D3C /* BackgroundFetchDemoUITests */,
			);
		};
/* End PBXProject section */

/* Begin PBXResourcesBuildPhase section */
		0B4FC1EB219FAC0700B90D3C /* Resources */ = {
			isa = PBXResourcesBuildPhase;
			buildActionMask = 2147483647;
			files = (
				0B4FC1FB219FAC0800B90D3C /* LaunchScreen.storyboard in Resources */,
				0B4FC1F8219FAC0800B90D3C /* Assets.xcassets in Resources */,
				0B4FC1F6219FAC0700B90D3C /* Main.storyboard in Resources */,
			);
			runOnlyForDeploymentPostprocessing = 0;
		};
		0B4FC1FF219FAC0800B90D3C /* Resources */ = {
			isa = PBXResourcesBuildPhase;
			buildActionMask = 2147483647;
			files = (
				0B438E18219FC50200F47890 /* sample01.json in Resources */,
			);
			runOnlyForDeploymentPostprocessing = 0;
		};
		0B4FC20A219FAC0800B90D3C /* Resources */ = {
			isa = PBXResourcesBuildPhase;
			buildActionMask = 2147483647;
			files = (
			);
			runOnlyForDeploymentPostprocessing = 0;
		};
/* End PBXResourcesBuildPhase section */

/* Begin PBXSourcesBuildPhase section */
		0B4FC1E9219FAC0700B90D3C /* Sources */ = {
			isa = PBXSourcesBuildPhase;
			buildActionMask = 2147483647;
			files = (
				0B438E16219FC49000F47890 /* Sample.swift in Sources */,
				0B4FC1F3219FAC0700B90D3C /* ViewController.swift in Sources */,
				0B438E12219FB9C400F47890 /* BackgroundNetworkManager.swift in Sources */,
				0B438E14219FBC1700F47890 /* Result.swift in Sources */,
				0B438E1A219FC9EE00F47890 /* FetchData.swift in Sources */,
				0B4FC1F1219FAC0700B90D3C /* AppDelegate.swift in Sources */,
			);
			runOnlyForDeploymentPostprocessing = 0;
		};
		0B4FC1FD219FAC0800B90D3C /* Sources */ = {
			isa = PBXSourcesBuildPhase;
			buildActionMask = 2147483647;
			files = (
				0B4FC206219FAC0800B90D3C /* BackgroundFetchDemoTests.swift in Sources */,
			);
			runOnlyForDeploymentPostprocessing = 0;
		};
		0B4FC208219FAC0800B90D3C /* Sources */ = {
			isa = PBXSourcesBuildPhase;
			buildActionMask = 2147483647;
			files = (
				0B4FC211219FAC0800B90D3C /* BackgroundFetchDemoUITests.swift in Sources */,
			);
			runOnlyForDeploymentPostprocessing = 0;
		};
/* End PBXSourcesBuildPhase section */

/* Begin PBXTargetDependency section */
		0B4FC203219FAC0800B90D3C /* PBXTargetDependency */ = {
			isa = PBXTargetDependency;
			target = 0B4FC1EC219FAC0700B90D3C /* BackgroundFetchDemo */;
			targetProxy = 0B4FC202219FAC0800B90D3C /* PBXContainerItemProxy */;
		};
		0B4FC20E219FAC0800B90D3C /* PBXTargetDependency */ = {
			isa = PBXTargetDependency;
			target = 0B4FC1EC219FAC0700B90D3C /* BackgroundFetchDemo */;
			targetProxy = 0B4FC20D219FAC0800B90D3C /* PBXContainerItemProxy */;
		};
/* End PBXTargetDependency section */

/* Begin PBXVariantGroup section */
		0B4FC1F4219FAC0700B90D3C /* Main.storyboard */ = {
			isa = PBXVariantGroup;
			children = (
				0B4FC1F5219FAC0700B90D3C /* Base */,
			);
			name = Main.storyboard;
			sourceTree = "<group>";
		};
		0B4FC1F9219FAC0800B90D3C /* LaunchScreen.storyboard */ = {
			isa = PBXVariantGroup;
			children = (
				0B4FC1FA219FAC0800B90D3C /* Base */,
			);
			name = LaunchScreen.storyboard;
			sourceTree = "<group>";
		};
/* End PBXVariantGroup section */

/* Begin XCBuildConfiguration section */
		0B4FC213219FAC0800B90D3C /* Debug */ = {
			isa = XCBuildConfiguration;
			buildSettings = {
				ALWAYS_SEARCH_USER_PATHS = NO;
				CLANG_ANALYZER_NONNULL = YES;
				CLANG_ANALYZER_NUMBER_OBJECT_CONVERSION = YES_AGGRESSIVE;
				CLANG_CXX_LANGUAGE_STANDARD = "gnu++14";
				CLANG_CXX_LIBRARY = "libc++";
				CLANG_ENABLE_MODULES = YES;
				CLANG_ENABLE_OBJC_ARC = YES;
				CLANG_ENABLE_OBJC_WEAK = YES;
				CLANG_WARN_BLOCK_CAPTURE_AUTORELEASING = YES;
				CLANG_WARN_BOOL_CONVERSION = YES;
				CLANG_WARN_COMMA = YES;
				CLANG_WARN_CONSTANT_CONVERSION = YES;
				CLANG_WARN_DEPRECATED_OBJC_IMPLEMENTATIONS = YES;
				CLANG_WARN_DIRECT_OBJC_ISA_USAGE = YES_ERROR;
				CLANG_WARN_DOCUMENTATION_COMMENTS = YES;
				CLANG_WARN_EMPTY_BODY = YES;
				CLANG_WARN_ENUM_CONVERSION = YES;
				CLANG_WARN_INFINITE_RECURSION = YES;
				CLANG_WARN_INT_CONVERSION = YES;
				CLANG_WARN_NON_LITERAL_NULL_CONVERSION = YES;
				CLANG_WARN_OBJC_IMPLICIT_RETAIN_SELF = YES;
				CLANG_WARN_OBJC_LITERAL_CONVERSION = YES;
				CLANG_WARN_OBJC_ROOT_CLASS = YES_ERROR;
				CLANG_WARN_RANGE_LOOP_ANALYSIS = YES;
				CLANG_WARN_STRICT_PROTOTYPES = YES;
				CLANG_WARN_SUSPICIOUS_MOVE = YES;
				CLANG_WARN_UNGUARDED_AVAILABILITY = YES_AGGRESSIVE;
				CLANG_WARN_UNREACHABLE_CODE = YES;
				CLANG_WARN__DUPLICATE_METHOD_MATCH = YES;
				CODE_SIGN_IDENTITY = "iPhone Developer";
				COPY_PHASE_STRIP = NO;
				DEBUG_INFORMATION_FORMAT = dwarf;
				ENABLE_STRICT_OBJC_MSGSEND = YES;
				ENABLE_TESTABILITY = YES;
				GCC_C_LANGUAGE_STANDARD = gnu11;
				GCC_DYNAMIC_NO_PIC = NO;
				GCC_NO_COMMON_BLOCKS = YES;
				GCC_OPTIMIZATION_LEVEL = 0;
				GCC_PREPROCESSOR_DEFINITIONS = (
					"DEBUG=1",
					"$(inherited)",
				);
				GCC_WARN_64_TO_32_BIT_CONVERSION = YES;
				GCC_WARN_ABOUT_RETURN_TYPE = YES_ERROR;
				GCC_WARN_UNDECLARED_SELECTOR = YES;
				GCC_WARN_UNINITIALIZED_AUTOS = YES_AGGRESSIVE;
				GCC_WARN_UNUSED_FUNCTION = YES;
				GCC_WARN_UNUSED_VARIABLE = YES;
				IPHONEOS_DEPLOYMENT_TARGET = 10.0;
				MTL_ENABLE_DEBUG_INFO = INCLUDE_SOURCE;
				MTL_FAST_MATH = YES;
				ONLY_ACTIVE_ARCH = YES;
				SDKROOT = iphoneos;
				SWIFT_ACTIVE_COMPILATION_CONDITIONS = DEBUG;
				SWIFT_OPTIMIZATION_LEVEL = "-Onone";
			};
			name = Debug;
		};
		0B4FC214219FAC0800B90D3C /* Release */ = {
			isa = XCBuildConfiguration;
			buildSettings = {
				ALWAYS_SEARCH_USER_PATHS = NO;
				CLANG_ANALYZER_NONNULL = YES;
				CLANG_ANALYZER_NUMBER_OBJECT_CONVERSION = YES_AGGRESSIVE;
				CLANG_CXX_LANGUAGE_STANDARD = "gnu++14";
				CLANG_CXX_LIBRARY = "libc++";
				CLANG_ENABLE_MODULES = YES;
				CLANG_ENABLE_OBJC_ARC = YES;
				CLANG_ENABLE_OBJC_WEAK = YES;
				CLANG_WARN_BLOCK_CAPTURE_AUTORELEASING = YES;
				CLANG_WARN_BOOL_CONVERSION = YES;
				CLANG_WARN_COMMA = YES;
				CLANG_WARN_CONSTANT_CONVERSION = YES;
				CLANG_WARN_DEPRECATED_OBJC_IMPLEMENTATIONS = YES;
				CLANG_WARN_DIRECT_OBJC_ISA_USAGE = YES_ERROR;
				CLANG_WARN_DOCUMENTATION_COMMENTS = YES;
				CLANG_WARN_EMPTY_BODY = YES;
				CLANG_WARN_ENUM_CONVERSION = YES;
				CLANG_WARN_INFINITE_RECURSION = YES;
				CLANG_WARN_INT_CONVERSION = YES;
				CLANG_WARN_NON_LITERAL_NULL_CONVERSION = YES;
				CLANG_WARN_OBJC_IMPLICIT_RETAIN_SELF = YES;
				CLANG_WARN_OBJC_LITERAL_CONVERSION = YES;
				CLANG_WARN_OBJC_ROOT_CLASS = YES_ERROR;
				CLANG_WARN_RANGE_LOOP_ANALYSIS = YES;
				CLANG_WARN_STRICT_PROTOTYPES = YES;
				CLANG_WARN_SUSPICIOUS_MOVE = YES;
				CLANG_WARN_UNGUARDED_AVAILABILITY = YES_AGGRESSIVE;
				CLANG_WARN_UNREACHABLE_CODE = YES;
				CLANG_WARN__DUPLICATE_METHOD_MATCH = YES;
				CODE_SIGN_IDENTITY = "iPhone Developer";
				COPY_PHASE_STRIP = NO;
				DEBUG_INFORMATION_FORMAT = "dwarf-with-dsym";
				ENABLE_NS_ASSERTIONS = NO;
				ENABLE_STRICT_OBJC_MSGSEND = YES;
				GCC_C_LANGUAGE_STANDARD = gnu11;
				GCC_NO_COMMON_BLOCKS = YES;
				GCC_WARN_64_TO_32_BIT_CONVERSION = YES;
				GCC_WARN_ABOUT_RETURN_TYPE = YES_ERROR;
				GCC_WARN_UNDECLARED_SELECTOR = YES;
				GCC_WARN_UNINITIALIZED_AUTOS = YES_AGGRESSIVE;
				GCC_WARN_UNUSED_FUNCTION = YES;
				GCC_WARN_UNUSED_VARIABLE = YES;
				IPHONEOS_DEPLOYMENT_TARGET = 10.0;
				MTL_ENABLE_DEBUG_INFO = NO;
				MTL_FAST_MATH = YES;
				SDKROOT = iphoneos;
				SWIFT_COMPILATION_MODE = wholemodule;
				SWIFT_OPTIMIZATION_LEVEL = "-O";
				VALIDATE_PRODUCT = YES;
			};
			name = Release;
		};
		0B4FC216219FAC0800B90D3C /* Debug */ = {
			isa = XCBuildConfiguration;
			buildSettings = {
				ASSETCATALOG_COMPILER_APPICON_NAME = AppIcon;
				CODE_SIGN_STYLE = Automatic;
				INFOPLIST_FILE = BackgroundFetchDemo/Info.plist;
				LD_RUNPATH_SEARCH_PATHS = (
					"$(inherited)",
					"@executable_path/Frameworks",
				);
				PRODUCT_BUNDLE_IDENTIFIER = "net.u39-ueda.BackgroundFetchDemo";
				PRODUCT_NAME = "$(TARGET_NAME)";
				SWIFT_VERSION = 4.2;
				TARGETED_DEVICE_FAMILY = "1,2";
			};
			name = Debug;
		};
		0B4FC217219FAC0800B90D3C /* Release */ = {
			isa = XCBuildConfiguration;
			buildSettings = {
				ASSETCATALOG_COMPILER_APPICON_NAME = AppIcon;
				CODE_SIGN_STYLE = Automatic;
				INFOPLIST_FILE = BackgroundFetchDemo/Info.plist;
				LD_RUNPATH_SEARCH_PATHS = (
					"$(inherited)",
					"@executable_path/Frameworks",
				);
				PRODUCT_BUNDLE_IDENTIFIER = "net.u39-ueda.BackgroundFetchDemo";
				PRODUCT_NAME = "$(TARGET_NAME)";
				SWIFT_VERSION = 4.2;
				TARGETED_DEVICE_FAMILY = "1,2";
			};
			name = Release;
		};
		0B4FC219219FAC0800B90D3C /* Debug */ = {
			isa = XCBuildConfiguration;
			buildSettings = {
				ALWAYS_EMBED_SWIFT_STANDARD_LIBRARIES = YES;
				BUNDLE_LOADER = "$(TEST_HOST)";
				CODE_SIGN_STYLE = Automatic;
				INFOPLIST_FILE = BackgroundFetchDemoTests/Info.plist;
				LD_RUNPATH_SEARCH_PATHS = (
					"$(inherited)",
					"@executable_path/Frameworks",
					"@loader_path/Frameworks",
				);
				PRODUCT_BUNDLE_IDENTIFIER = "net.u39-ueda.BackgroundFetchDemoTests";
				PRODUCT_NAME = "$(TARGET_NAME)";
				SWIFT_VERSION = 4.2;
				TARGETED_DEVICE_FAMILY = "1,2";
				TEST_HOST = "$(BUILT_PRODUCTS_DIR)/BackgroundFetchDemo.app/BackgroundFetchDemo";
			};
			name = Debug;
		};
		0B4FC21A219FAC0800B90D3C /* Release */ = {
			isa = XCBuildConfiguration;
			buildSettings = {
				ALWAYS_EMBED_SWIFT_STANDARD_LIBRARIES = YES;
				BUNDLE_LOADER = "$(TEST_HOST)";
				CODE_SIGN_STYLE = Automatic;
				INFOPLIST_FILE = BackgroundFetchDemoTests/Info.plist;
				LD_RUNPATH_SEARCH_PATHS = (
					"$(inherited)",
					"@executable_path/Frameworks",
					"@loader_path/Frameworks",
				);
				PRODUCT_BUNDLE_IDENTIFIER = "net.u39-ueda.BackgroundFetchDemoTests";
				PRODUCT_NAME = "$(TARGET_NAME)";
				SWIFT_VERSION = 4.2;
				TARGETED_DEVICE_FAMILY = "1,2";
				TEST_HOST = "$(BUILT_PRODUCTS_DIR)/BackgroundFetchDemo.app/BackgroundFetchDemo";
			};
			name = Release;
		};
		0B4FC21C219FAC0800B90D3C /* Debug */ = {
			isa = XCBuildConfiguration;
			buildSettings = {
				ALWAYS_EMBED_SWIFT_STANDARD_LIBRARIES = YES;
				CODE_SIGN_STYLE = Automatic;
				INFOPLIST_FILE = BackgroundFetchDemoUITests/Info.plist;
				LD_RUNPATH_SEARCH_PATHS = (
					"$(inherited)",
					"@executable_path/Frameworks",
					"@loader_path/Frameworks",
				);
				PRODUCT_BUNDLE_IDENTIFIER = "net.u39-ueda.BackgroundFetchDemoUITests";
				PRODUCT_NAME = "$(TARGET_NAME)";
				SWIFT_VERSION = 4.2;
				TARGETED_DEVICE_FAMILY = "1,2";
				TEST_TARGET_NAME = BackgroundFetchDemo;
			};
			name = Debug;
		};
		0B4FC21D219FAC0800B90D3C /* Release */ = {
			isa = XCBuildConfiguration;
			buildSettings = {
				ALWAYS_EMBED_SWIFT_STANDARD_LIBRARIES = YES;
				CODE_SIGN_STYLE = Automatic;
				INFOPLIST_FILE = BackgroundFetchDemoUITests/Info.plist;
				LD_RUNPATH_SEARCH_PATHS = (
					"$(inherited)",
					"@executable_path/Frameworks",
					"@loader_path/Frameworks",
				);
				PRODUCT_BUNDLE_IDENTIFIER = "net.u39-ueda.BackgroundFetchDemoUITests";
				PRODUCT_NAME = "$(TARGET_NAME)";
				SWIFT_VERSION = 4.2;
				TARGETED_DEVICE_FAMILY = "1,2";
				TEST_TARGET_NAME = BackgroundFetchDemo;
			};
			name = Release;
		};
/* End XCBuildConfiguration section */

/* Begin XCConfigurationList section */
		0B4FC1E8219FAC0700B90D3C /* Build configuration list for PBXProject "BackgroundFetchDemo" */ = {
			isa = XCConfigurationList;
			buildConfigurations = (
				0B4FC213219FAC0800B90D3C /* Debug */,
				0B4FC214219FAC0800B90D3C /* Release */,
			);
			defaultConfigurationIsVisible = 0;
			defaultConfigurationName = Release;
		};
		0B4FC215219FAC0800B90D3C /* Build configuration list for PBXNativeTarget "BackgroundFetchDemo" */ = {
			isa = XCConfigurationList;
			buildConfigurations = (
				0B4FC216219FAC0800B90D3C /* Debug */,
				0B4FC217219FAC0800B90D3C /* Release */,
			);
			defaultConfigurationIsVisible = 0;
			defaultConfigurationName = Release;
		};
		0B4FC218219FAC0800B90D3C /* Build configuration list for PBXNativeTarget "BackgroundFetchDemoTests" */ = {
			isa = XCConfigurationList;
			buildConfigurations = (
				0B4FC219219FAC0800B90D3C /* Debug */,
				0B4FC21A219FAC0800B90D3C /* Release */,
			);
			defaultConfigurationIsVisible = 0;
			defaultConfigurationName = Release;
		};
		0B4FC21B219FAC0800B90D3C /* Build configuration list for PBXNativeTarget "BackgroundFetchDemoUITests" */ = {
			isa = XCConfigurationList;
			buildConfigurations = (
				0B4FC21C219FAC0800B90D3C /* Debug */,
				0B4FC21D219FAC0800B90D3C /* Release */,
			);
			defaultConfigurationIsVisible = 0;
			defaultConfigurationName = Release;
		};
/* End XCConfigurationList section */
	};
	rootObject = 0B4FC1E5219FAC0700B90D3C /* Project object */;
}
